// !$*UTF8*$!
{
	archiveVersion = 1;
	classes = {
	};
	objectVersion = 51;
	objects = {

/* Begin PBXBuildFile section */
		159F3FCF34308522922C0A0F /* Pods_ParstagramTests.framework in Frameworks */ = {isa = PBXBuildFile; fileRef = A0F222BAE89832F2BC4C41CD /* Pods_ParstagramTests.framework */; };
		2030D994242288DE0077584A /* CommentCell.swift in Sources */ = {isa = PBXBuildFile; fileRef = 2030D993242288DE0077584A /* CommentCell.swift */; };
		206B6F452421242B00BC4087 /* CameraViewController.swift in Sources */ = {isa = PBXBuildFile; fileRef = 206B6F442421242B00BC4087 /* CameraViewController.swift */; };
		206B6F472421373500BC4087 /* PostCell.swift in Sources */ = {isa = PBXBuildFile; fileRef = 206B6F462421373500BC4087 /* PostCell.swift */; };
		20805255241C73D300FE01B7 /* AppDelegate.swift in Sources */ = {isa = PBXBuildFile; fileRef = 20805254241C73D300FE01B7 /* AppDelegate.swift */; };
		20805257241C73D300FE01B7 /* SceneDelegate.swift in Sources */ = {isa = PBXBuildFile; fileRef = 20805256241C73D300FE01B7 /* SceneDelegate.swift */; };
		2080525C241C73D300FE01B7 /* Main.storyboard in Resources */ = {isa = PBXBuildFile; fileRef = 2080525A241C73D300FE01B7 /* Main.storyboard */; };
		2080525E241C73D500FE01B7 /* Assets.xcassets in Resources */ = {isa = PBXBuildFile; fileRef = 2080525D241C73D500FE01B7 /* Assets.xcassets */; };
		20805261241C73D500FE01B7 /* LaunchScreen.storyboard in Resources */ = {isa = PBXBuildFile; fileRef = 2080525F241C73D500FE01B7 /* LaunchScreen.storyboard */; };
		2080526C241C73D500FE01B7 /* ParstagramTests.swift in Sources */ = {isa = PBXBuildFile; fileRef = 2080526B241C73D500FE01B7 /* ParstagramTests.swift */; };
		20805277241C73D500FE01B7 /* ParstagramUITests.swift in Sources */ = {isa = PBXBuildFile; fileRef = 20805276241C73D500FE01B7 /* ParstagramUITests.swift */; };
		20805285241C7E8C00FE01B7 /* LoginViewController.swift in Sources */ = {isa = PBXBuildFile; fileRef = 20805284241C7E8C00FE01B7 /* LoginViewController.swift */; };
		20805287241C7EAF00FE01B7 /* FeedViewController.swift in Sources */ = {isa = PBXBuildFile; fileRef = 20805286241C7EAF00FE01B7 /* FeedViewController.swift */; };
		23BB05F12D095B3273120A94 /* Pods_Parstagram.framework in Frameworks */ = {isa = PBXBuildFile; fileRef = 1135835082C35CE82F330DC7 /* Pods_Parstagram.framework */; };
		50CB2EA3EEF09611577A743A /* Pods_Parstagram_ParstagramUITests.framework in Frameworks */ = {isa = PBXBuildFile; fileRef = C16056BCE36A4FB3AF207B04 /* Pods_Parstagram_ParstagramUITests.framework */; };
/* End PBXBuildFile section */

/* Begin PBXContainerItemProxy section */
		20805268241C73D500FE01B7 /* PBXContainerItemProxy */ = {
			isa = PBXContainerItemProxy;
			containerPortal = 20805249241C73D300FE01B7 /* Project object */;
			proxyType = 1;
			remoteGlobalIDString = 20805250241C73D300FE01B7;
			remoteInfo = Parstagram;
		};
		20805273241C73D500FE01B7 /* PBXContainerItemProxy */ = {
			isa = PBXContainerItemProxy;
			containerPortal = 20805249241C73D300FE01B7 /* Project object */;
			proxyType = 1;
			remoteGlobalIDString = 20805250241C73D300FE01B7;
			remoteInfo = Parstagram;
		};
/* End PBXContainerItemProxy section */

/* Begin PBXFileReference section */
		00179AF2351D1B80B5639C42 /* Pods-Parstagram.release.xcconfig */ = {isa = PBXFileReference; includeInIndex = 1; lastKnownFileType = text.xcconfig; name = "Pods-Parstagram.release.xcconfig"; path = "Target Support Files/Pods-Parstagram/Pods-Parstagram.release.xcconfig"; sourceTree = "<group>"; };
		0D14A24C6CB1B014BB187BAE /* Pods-Parstagram-ParstagramUITests.debug.xcconfig */ = {isa = PBXFileReference; includeInIndex = 1; lastKnownFileType = text.xcconfig; name = "Pods-Parstagram-ParstagramUITests.debug.xcconfig"; path = "Target Support Files/Pods-Parstagram-ParstagramUITests/Pods-Parstagram-ParstagramUITests.debug.xcconfig"; sourceTree = "<group>"; };
		1135835082C35CE82F330DC7 /* Pods_Parstagram.framework */ = {isa = PBXFileReference; explicitFileType = wrapper.framework; includeInIndex = 0; path = Pods_Parstagram.framework; sourceTree = BUILT_PRODUCTS_DIR; };
		1A55562BF52DAFCD049A81C6 /* Pods-Parstagram-ParstagramUITests.release.xcconfig */ = {isa = PBXFileReference; includeInIndex = 1; lastKnownFileType = text.xcconfig; name = "Pods-Parstagram-ParstagramUITests.release.xcconfig"; path = "Target Support Files/Pods-Parstagram-ParstagramUITests/Pods-Parstagram-ParstagramUITests.release.xcconfig"; sourceTree = "<group>"; };
		2030D993242288DE0077584A /* CommentCell.swift */ = {isa = PBXFileReference; lastKnownFileType = sourcecode.swift; path = CommentCell.swift; sourceTree = "<group>"; };
		206B6F442421242B00BC4087 /* CameraViewController.swift */ = {isa = PBXFileReference; lastKnownFileType = sourcecode.swift; path = CameraViewController.swift; sourceTree = "<group>"; };
		206B6F462421373500BC4087 /* PostCell.swift */ = {isa = PBXFileReference; lastKnownFileType = sourcecode.swift; path = PostCell.swift; sourceTree = "<group>"; };
		20805251241C73D300FE01B7 /* Parstagram.app */ = {isa = PBXFileReference; explicitFileType = wrapper.application; includeInIndex = 0; path = Parstagram.app; sourceTree = BUILT_PRODUCTS_DIR; };
		20805254241C73D300FE01B7 /* AppDelegate.swift */ = {isa = PBXFileReference; lastKnownFileType = sourcecode.swift; path = AppDelegate.swift; sourceTree = "<group>"; };
		20805256241C73D300FE01B7 /* SceneDelegate.swift */ = {isa = PBXFileReference; lastKnownFileType = sourcecode.swift; path = SceneDelegate.swift; sourceTree = "<group>"; };
		2080525B241C73D300FE01B7 /* Base */ = {isa = PBXFileReference; lastKnownFileType = file.storyboard; name = Base; path = Base.lproj/Main.storyboard; sourceTree = "<group>"; };
		2080525D241C73D500FE01B7 /* Assets.xcassets */ = {isa = PBXFileReference; lastKnownFileType = folder.assetcatalog; path = Assets.xcassets; sourceTree = "<group>"; };
		20805260241C73D500FE01B7 /* Base */ = {isa = PBXFileReference; lastKnownFileType = file.storyboard; name = Base; path = Base.lproj/LaunchScreen.storyboard; sourceTree = "<group>"; };
		20805262241C73D500FE01B7 /* Info.plist */ = {isa = PBXFileReference; lastKnownFileType = text.plist.xml; path = Info.plist; sourceTree = "<group>"; };
		20805267241C73D500FE01B7 /* ParstagramTests.xctest */ = {isa = PBXFileReference; explicitFileType = wrapper.cfbundle; includeInIndex = 0; path = ParstagramTests.xctest; sourceTree = BUILT_PRODUCTS_DIR; };
		2080526B241C73D500FE01B7 /* ParstagramTests.swift */ = {isa = PBXFileReference; lastKnownFileType = sourcecode.swift; path = ParstagramTests.swift; sourceTree = "<group>"; };
		2080526D241C73D500FE01B7 /* Info.plist */ = {isa = PBXFileReference; lastKnownFileType = text.plist.xml; path = Info.plist; sourceTree = "<group>"; };
		20805272241C73D500FE01B7 /* ParstagramUITests.xctest */ = {isa = PBXFileReference; explicitFileType = wrapper.cfbundle; includeInIndex = 0; path = ParstagramUITests.xctest; sourceTree = BUILT_PRODUCTS_DIR; };
		20805276241C73D500FE01B7 /* ParstagramUITests.swift */ = {isa = PBXFileReference; lastKnownFileType = sourcecode.swift; path = ParstagramUITests.swift; sourceTree = "<group>"; };
		20805278241C73D500FE01B7 /* Info.plist */ = {isa = PBXFileReference; lastKnownFileType = text.plist.xml; path = Info.plist; sourceTree = "<group>"; };
		20805284241C7E8C00FE01B7 /* LoginViewController.swift */ = {isa = PBXFileReference; lastKnownFileType = sourcecode.swift; path = LoginViewController.swift; sourceTree = "<group>"; };
		20805286241C7EAF00FE01B7 /* FeedViewController.swift */ = {isa = PBXFileReference; lastKnownFileType = sourcecode.swift; path = FeedViewController.swift; sourceTree = "<group>"; };
		24B3D3DC286CB8C781326E04 /* Pods-Parstagram.debug.xcconfig */ = {isa = PBXFileReference; includeInIndex = 1; lastKnownFileType = text.xcconfig; name = "Pods-Parstagram.debug.xcconfig"; path = "Target Support Files/Pods-Parstagram/Pods-Parstagram.debug.xcconfig"; sourceTree = "<group>"; };
		35846A4DC461BDB1BE14C97B /* Pods-ParstagramTests.debug.xcconfig */ = {isa = PBXFileReference; includeInIndex = 1; lastKnownFileType = text.xcconfig; name = "Pods-ParstagramTests.debug.xcconfig"; path = "Target Support Files/Pods-ParstagramTests/Pods-ParstagramTests.debug.xcconfig"; sourceTree = "<group>"; };
		8DD62DBF58AF264D95F8073B /* Pods-ParstagramTests.release.xcconfig */ = {isa = PBXFileReference; includeInIndex = 1; lastKnownFileType = text.xcconfig; name = "Pods-ParstagramTests.release.xcconfig"; path = "Target Support Files/Pods-ParstagramTests/Pods-ParstagramTests.release.xcconfig"; sourceTree = "<group>"; };
		A0F222BAE89832F2BC4C41CD /* Pods_ParstagramTests.framework */ = {isa = PBXFileReference; explicitFileType = wrapper.framework; includeInIndex = 0; path = Pods_ParstagramTests.framework; sourceTree = BUILT_PRODUCTS_DIR; };
		C16056BCE36A4FB3AF207B04 /* Pods_Parstagram_ParstagramUITests.framework */ = {isa = PBXFileReference; explicitFileType = wrapper.framework; includeInIndex = 0; path = Pods_Parstagram_ParstagramUITests.framework; sourceTree = BUILT_PRODUCTS_DIR; };
/* End PBXFileReference section */

/* Begin PBXFrameworksBuildPhase section */
		2080524E241C73D300FE01B7 /* Frameworks */ = {
			isa = PBXFrameworksBuildPhase;
			buildActionMask = 2147483647;
			files = (
				23BB05F12D095B3273120A94 /* Pods_Parstagram.framework in Frameworks */,
			);
			runOnlyForDeploymentPostprocessing = 0;
		};
		20805264241C73D500FE01B7 /* Frameworks */ = {
			isa = PBXFrameworksBuildPhase;
			buildActionMask = 2147483647;
			files = (
				159F3FCF34308522922C0A0F /* Pods_ParstagramTests.framework in Frameworks */,
			);
			runOnlyForDeploymentPostprocessing = 0;
		};
		2080526F241C73D500FE01B7 /* Frameworks */ = {
			isa = PBXFrameworksBuildPhase;
			buildActionMask = 2147483647;
			files = (
				50CB2EA3EEF09611577A743A /* Pods_Parstagram_ParstagramUITests.framework in Frameworks */,
			);
			runOnlyForDeploymentPostprocessing = 0;
		};
/* End PBXFrameworksBuildPhase section */

/* Begin PBXGroup section */
		20805248241C73D300FE01B7 = {
			isa = PBXGroup;
			children = (
				20805253241C73D300FE01B7 /* Parstagram */,
				2080526A241C73D500FE01B7 /* ParstagramTests */,
				20805275241C73D500FE01B7 /* ParstagramUITests */,
				20805252241C73D300FE01B7 /* Products */,
				7B5009A97589AD57B5187153 /* Pods */,
				B02E7C3F70E176D23D10CD77 /* Frameworks */,
			);
			sourceTree = "<group>";
		};
		20805252241C73D300FE01B7 /* Products */ = {
			isa = PBXGroup;
			children = (
				20805251241C73D300FE01B7 /* Parstagram.app */,
				20805267241C73D500FE01B7 /* ParstagramTests.xctest */,
				20805272241C73D500FE01B7 /* ParstagramUITests.xctest */,
			);
			name = Products;
			sourceTree = "<group>";
		};
		20805253241C73D300FE01B7 /* Parstagram */ = {
			isa = PBXGroup;
			children = (
				20805254241C73D300FE01B7 /* AppDelegate.swift */,
				20805256241C73D300FE01B7 /* SceneDelegate.swift */,
				2080525A241C73D300FE01B7 /* Main.storyboard */,
				2080525D241C73D500FE01B7 /* Assets.xcassets */,
				2080525F241C73D500FE01B7 /* LaunchScreen.storyboard */,
				20805262241C73D500FE01B7 /* Info.plist */,
				20805284241C7E8C00FE01B7 /* LoginViewController.swift */,
				20805286241C7EAF00FE01B7 /* FeedViewController.swift */,
				206B6F442421242B00BC4087 /* CameraViewController.swift */,
				206B6F462421373500BC4087 /* PostCell.swift */,
				2030D993242288DE0077584A /* CommentCell.swift */,
			);
			path = Parstagram;
			sourceTree = "<group>";
		};
		2080526A241C73D500FE01B7 /* ParstagramTests */ = {
			isa = PBXGroup;
			children = (
				2080526B241C73D500FE01B7 /* ParstagramTests.swift */,
				2080526D241C73D500FE01B7 /* Info.plist */,
			);
			path = ParstagramTests;
			sourceTree = "<group>";
		};
		20805275241C73D500FE01B7 /* ParstagramUITests */ = {
			isa = PBXGroup;
			children = (
				20805276241C73D500FE01B7 /* ParstagramUITests.swift */,
				20805278241C73D500FE01B7 /* Info.plist */,
			);
			path = ParstagramUITests;
			sourceTree = "<group>";
		};
		7B5009A97589AD57B5187153 /* Pods */ = {
			isa = PBXGroup;
			children = (
				24B3D3DC286CB8C781326E04 /* Pods-Parstagram.debug.xcconfig */,
				00179AF2351D1B80B5639C42 /* Pods-Parstagram.release.xcconfig */,
				0D14A24C6CB1B014BB187BAE /* Pods-Parstagram-ParstagramUITests.debug.xcconfig */,
				1A55562BF52DAFCD049A81C6 /* Pods-Parstagram-ParstagramUITests.release.xcconfig */,
				35846A4DC461BDB1BE14C97B /* Pods-ParstagramTests.debug.xcconfig */,
				8DD62DBF58AF264D95F8073B /* Pods-ParstagramTests.release.xcconfig */,
			);
			path = Pods;
			sourceTree = "<group>";
		};
		B02E7C3F70E176D23D10CD77 /* Frameworks */ = {
			isa = PBXGroup;
			children = (
				1135835082C35CE82F330DC7 /* Pods_Parstagram.framework */,
				C16056BCE36A4FB3AF207B04 /* Pods_Parstagram_ParstagramUITests.framework */,
				A0F222BAE89832F2BC4C41CD /* Pods_ParstagramTests.framework */,
			);
			name = Frameworks;
			sourceTree = "<group>";
		};
/* End PBXGroup section */

/* Begin PBXNativeTarget section */
		20805250241C73D300FE01B7 /* Parstagram */ = {
			isa = PBXNativeTarget;
			buildConfigurationList = 2080527B241C73D500FE01B7 /* Build configuration list for PBXNativeTarget "Parstagram" */;
			buildPhases = (
				9CB82C4302576EBE2B75E6B6 /* [CP] Check Pods Manifest.lock */,
				2080524D241C73D300FE01B7 /* Sources */,
				2080524E241C73D300FE01B7 /* Frameworks */,
				2080524F241C73D300FE01B7 /* Resources */,
				8B6EB9204BF7EE52BD4DB7B2 /* [CP] Embed Pods Frameworks */,
			);
			buildRules = (
			);
			dependencies = (
			);
			name = Parstagram;
			productName = Parstagram;
			productReference = 20805251241C73D300FE01B7 /* Parstagram.app */;
			productType = "com.apple.product-type.application";
		};
		20805266241C73D500FE01B7 /* ParstagramTests */ = {
			isa = PBXNativeTarget;
			buildConfigurationList = 2080527E241C73D500FE01B7 /* Build configuration list for PBXNativeTarget "ParstagramTests" */;
			buildPhases = (
				1D5630690E5D980982066716 /* [CP] Check Pods Manifest.lock */,
				20805263241C73D500FE01B7 /* Sources */,
				20805264241C73D500FE01B7 /* Frameworks */,
				20805265241C73D500FE01B7 /* Resources */,
			);
			buildRules = (
			);
			dependencies = (
				20805269241C73D500FE01B7 /* PBXTargetDependency */,
			);
			name = ParstagramTests;
			productName = ParstagramTests;
			productReference = 20805267241C73D500FE01B7 /* ParstagramTests.xctest */;
			productType = "com.apple.product-type.bundle.unit-test";
		};
		20805271241C73D500FE01B7 /* ParstagramUITests */ = {
			isa = PBXNativeTarget;
			buildConfigurationList = 20805281241C73D500FE01B7 /* Build configuration list for PBXNativeTarget "ParstagramUITests" */;
			buildPhases = (
				BBC6C8068AACA98AB4950E9E /* [CP] Check Pods Manifest.lock */,
				2080526E241C73D500FE01B7 /* Sources */,
				2080526F241C73D500FE01B7 /* Frameworks */,
				20805270241C73D500FE01B7 /* Resources */,
				121487D6499EC487B330E345 /* [CP] Embed Pods Frameworks */,
			);
			buildRules = (
			);
			dependencies = (
				20805274241C73D500FE01B7 /* PBXTargetDependency */,
			);
			name = ParstagramUITests;
			productName = ParstagramUITests;
			productReference = 20805272241C73D500FE01B7 /* ParstagramUITests.xctest */;
			productType = "com.apple.product-type.bundle.ui-testing";
		};
/* End PBXNativeTarget section */

/* Begin PBXProject section */
		20805249241C73D300FE01B7 /* Project object */ = {
			isa = PBXProject;
			attributes = {
				LastSwiftUpdateCheck = 1130;
				LastUpgradeCheck = 1130;
				ORGANIZATIONNAME = Yiheng;
				TargetAttributes = {
					20805250241C73D300FE01B7 = {
						CreatedOnToolsVersion = 11.3.1;
					};
					20805266241C73D500FE01B7 = {
						CreatedOnToolsVersion = 11.3.1;
						TestTargetID = 20805250241C73D300FE01B7;
					};
					20805271241C73D500FE01B7 = {
						CreatedOnToolsVersion = 11.3.1;
						TestTargetID = 20805250241C73D300FE01B7;
					};
				};
			};
			buildConfigurationList = 2080524C241C73D300FE01B7 /* Build configuration list for PBXProject "Parstagram" */;
			compatibilityVersion = "Xcode 9.3";
			developmentRegion = en;
			hasScannedForEncodings = 0;
			knownRegions = (
				en,
				Base,
			);
			mainGroup = 20805248241C73D300FE01B7;
			productRefGroup = 20805252241C73D300FE01B7 /* Products */;
			projectDirPath = "";
			projectRoot = "";
			targets = (
				20805250241C73D300FE01B7 /* Parstagram */,
				20805266241C73D500FE01B7 /* ParstagramTests */,
				20805271241C73D500FE01B7 /* ParstagramUITests */,
			);
		};
/* End PBXProject section */

/* Begin PBXResourcesBuildPhase section */
		2080524F241C73D300FE01B7 /* Resources */ = {
			isa = PBXResourcesBuildPhase;
			buildActionMask = 2147483647;
			files = (
				20805261241C73D500FE01B7 /* LaunchScreen.storyboard in Resources */,
				2080525E241C73D500FE01B7 /* Assets.xcassets in Resources */,
				2080525C241C73D300FE01B7 /* Main.storyboard in Resources */,
			);
			runOnlyForDeploymentPostprocessing = 0;
		};
		20805265241C73D500FE01B7 /* Resources */ = {
			isa = PBXResourcesBuildPhase;
			buildActionMask = 2147483647;
			files = (
			);
			runOnlyForDeploymentPostprocessing = 0;
		};
		20805270241C73D500FE01B7 /* Resources */ = {
			isa = PBXResourcesBuildPhase;
			buildActionMask = 2147483647;
			files = (
			);
			runOnlyForDeploymentPostprocessing = 0;
		};
/* End PBXResourcesBuildPhase section */

/* Begin PBXShellScriptBuildPhase section */
		121487D6499EC487B330E345 /* [CP] Embed Pods Frameworks */ = {
			isa = PBXShellScriptBuildPhase;
			buildActionMask = 2147483647;
			files = (
			);
			inputFileListPaths = (
				"${PODS_ROOT}/Target Support Files/Pods-Parstagram-ParstagramUITests/Pods-Parstagram-ParstagramUITests-frameworks-${CONFIGURATION}-input-files.xcfilelist",
			);
			name = "[CP] Embed Pods Frameworks";
			outputFileListPaths = (
				"${PODS_ROOT}/Target Support Files/Pods-Parstagram-ParstagramUITests/Pods-Parstagram-ParstagramUITests-frameworks-${CONFIGURATION}-output-files.xcfilelist",
			);
			runOnlyForDeploymentPostprocessing = 0;
			shellPath = /bin/sh;
			shellScript = "\"${PODS_ROOT}/Target Support Files/Pods-Parstagram-ParstagramUITests/Pods-Parstagram-ParstagramUITests-frameworks.sh\"\n";
			showEnvVarsInLog = 0;
		};
		1D5630690E5D980982066716 /* [CP] Check Pods Manifest.lock */ = {
			isa = PBXShellScriptBuildPhase;
			buildActionMask = 2147483647;
			files = (
			);
			inputFileListPaths = (
			);
			inputPaths = (
				"${PODS_PODFILE_DIR_PATH}/Podfile.lock",
				"${PODS_ROOT}/Manifest.lock",
			);
			name = "[CP] Check Pods Manifest.lock";
			outputFileListPaths = (
			);
			outputPaths = (
				"$(DERIVED_FILE_DIR)/Pods-ParstagramTests-checkManifestLockResult.txt",
			);
			runOnlyForDeploymentPostprocessing = 0;
			shellPath = /bin/sh;
			shellScript = "diff \"${PODS_PODFILE_DIR_PATH}/Podfile.lock\" \"${PODS_ROOT}/Manifest.lock\" > /dev/null\nif [ $? != 0 ] ; then\n    # print error to STDERR\n    echo \"error: The sandbox is not in sync with the Podfile.lock. Run 'pod install' or update your CocoaPods installation.\" >&2\n    exit 1\nfi\n# This output is used by Xcode 'outputs' to avoid re-running this script phase.\necho \"SUCCESS\" > \"${SCRIPT_OUTPUT_FILE_0}\"\n";
			showEnvVarsInLog = 0;
		};
		8B6EB9204BF7EE52BD4DB7B2 /* [CP] Embed Pods Frameworks */ = {
			isa = PBXShellScriptBuildPhase;
			buildActionMask = 2147483647;
			files = (
			);
			inputFileListPaths = (
				"${PODS_ROOT}/Target Support Files/Pods-Parstagram/Pods-Parstagram-frameworks-${CONFIGURATION}-input-files.xcfilelist",
			);
			name = "[CP] Embed Pods Frameworks";
			outputFileListPaths = (
				"${PODS_ROOT}/Target Support Files/Pods-Parstagram/Pods-Parstagram-frameworks-${CONFIGURATION}-output-files.xcfilelist",
			);
			runOnlyForDeploymentPostprocessing = 0;
			shellPath = /bin/sh;
			shellScript = "\"${PODS_ROOT}/Target Support Files/Pods-Parstagram/Pods-Parstagram-frameworks.sh\"\n";
			showEnvVarsInLog = 0;
		};
		9CB82C4302576EBE2B75E6B6 /* [CP] Check Pods Manifest.lock */ = {
			isa = PBXShellScriptBuildPhase;
			buildActionMask = 2147483647;
			files = (
			);
			inputFileListPaths = (
			);
			inputPaths = (
				"${PODS_PODFILE_DIR_PATH}/Podfile.lock",
				"${PODS_ROOT}/Manifest.lock",
			);
			name = "[CP] Check Pods Manifest.lock";
			outputFileListPaths = (
			);
			outputPaths = (
				"$(DERIVED_FILE_DIR)/Pods-Parstagram-checkManifestLockResult.txt",
			);
			runOnlyForDeploymentPostprocessing = 0;
			shellPath = /bin/sh;
			shellScript = "diff \"${PODS_PODFILE_DIR_PATH}/Podfile.lock\" \"${PODS_ROOT}/Manifest.lock\" > /dev/null\nif [ $? != 0 ] ; then\n    # print error to STDERR\n    echo \"error: The sandbox is not in sync with the Podfile.lock. Run 'pod install' or update your CocoaPods installation.\" >&2\n    exit 1\nfi\n# This output is used by Xcode 'outputs' to avoid re-running this script phase.\necho \"SUCCESS\" > \"${SCRIPT_OUTPUT_FILE_0}\"\n";
			showEnvVarsInLog = 0;
		};
		BBC6C8068AACA98AB4950E9E /* [CP] Check Pods Manifest.lock */ = {
			isa = PBXShellScriptBuildPhase;
			buildActionMask = 2147483647;
			files = (
			);
			inputFileListPaths = (
			);
			inputPaths = (
				"${PODS_PODFILE_DIR_PATH}/Podfile.lock",
				"${PODS_ROOT}/Manifest.lock",
			);
			name = "[CP] Check Pods Manifest.lock";
			outputFileListPaths = (
			);
			outputPaths = (
				"$(DERIVED_FILE_DIR)/Pods-Parstagram-ParstagramUITests-checkManifestLockResult.txt",
			);
			runOnlyForDeploymentPostprocessing = 0;
			shellPath = /bin/sh;
			shellScript = "diff \"${PODS_PODFILE_DIR_PATH}/Podfile.lock\" \"${PODS_ROOT}/Manifest.lock\" > /dev/null\nif [ $? != 0 ] ; then\n    # print error to STDERR\n    echo \"error: The sandbox is not in sync with the Podfile.lock. Run 'pod install' or update your CocoaPods installation.\" >&2\n    exit 1\nfi\n# This output is used by Xcode 'outputs' to avoid re-running this script phase.\necho \"SUCCESS\" > \"${SCRIPT_OUTPUT_FILE_0}\"\n";
			showEnvVarsInLog = 0;
		};
/* End PBXShellScriptBuildPhase section */

/* Begin PBXSourcesBuildPhase section */
		2080524D241C73D300FE01B7 /* Sources */ = {
			isa = PBXSourcesBuildPhase;
			buildActionMask = 2147483647;
			files = (
				20805285241C7E8C00FE01B7 /* LoginViewController.swift in Sources */,
				206B6F452421242B00BC4087 /* CameraViewController.swift in Sources */,
				20805255241C73D300FE01B7 /* AppDelegate.swift in Sources */,
				20805287241C7EAF00FE01B7 /* FeedViewController.swift in Sources */,
				20805257241C73D300FE01B7 /* SceneDelegate.swift in Sources */,
				206B6F472421373500BC4087 /* PostCell.swift in Sources */,
				2030D994242288DE0077584A /* CommentCell.swift in Sources */,
			);
			runOnlyForDeploymentPostprocessing = 0;
		};
		20805263241C73D500FE01B7 /* Sources */ = {
			isa = PBXSourcesBuildPhase;
			buildActionMask = 2147483647;
			files = (
				2080526C241C73D500FE01B7 /* ParstagramTests.swift in Sources */,
			);
			runOnlyForDeploymentPostprocessing = 0;
		};
		2080526E241C73D500FE01B7 /* Sources */ = {
			isa = PBXSourcesBuildPhase;
			buildActionMask = 2147483647;
			files = (
				20805277241C73D500FE01B7 /* ParstagramUITests.swift in Sources */,
			);
			runOnlyForDeploymentPostprocessing = 0;
		};
/* End PBXSourcesBuildPhase section */

/* Begin PBXTargetDependency section */
		20805269241C73D500FE01B7 /* PBXTargetDependency */ = {
			isa = PBXTargetDependency;
			target = 20805250241C73D300FE01B7 /* Parstagram */;
			targetProxy = 20805268241C73D500FE01B7 /* PBXContainerItemProxy */;
		};
		20805274241C73D500FE01B7 /* PBXTargetDependency */ = {
			isa = PBXTargetDependency;
			target = 20805250241C73D300FE01B7 /* Parstagram */;
			targetProxy = 20805273241C73D500FE01B7 /* PBXContainerItemProxy */;
		};
/* End PBXTargetDependency section */

/* Begin PBXVariantGroup section */
		2080525A241C73D300FE01B7 /* Main.storyboard */ = {
			isa = PBXVariantGroup;
			children = (
				2080525B241C73D300FE01B7 /* Base */,
			);
			name = Main.storyboard;
			sourceTree = "<group>";
		};
		2080525F241C73D500FE01B7 /* LaunchScreen.storyboard */ = {
			isa = PBXVariantGroup;
			children = (
				20805260241C73D500FE01B7 /* Base */,
			);
			name = LaunchScreen.storyboard;
			sourceTree = "<group>";
		};
/* End PBXVariantGroup section */

/* Begin XCBuildConfiguration section */
		20805279241C73D500FE01B7 /* Debug */ = {
			isa = XCBuildConfiguration;
			buildSettings = {
				ALWAYS_SEARCH_USER_PATHS = NO;
				CLANG_ANALYZER_NONNULL = YES;
				CLANG_ANALYZER_NUMBER_OBJECT_CONVERSION = YES_AGGRESSIVE;
				CLANG_CXX_LANGUAGE_STANDARD = "gnu++14";
				CLANG_CXX_LIBRARY = "libc++";
				CLANG_ENABLE_MODULES = YES;
				CLANG_ENABLE_OBJC_ARC = YES;
				CLANG_ENABLE_OBJC_WEAK = YES;
				CLANG_WARN_BLOCK_CAPTURE_AUTORELEASING = YES;
				CLANG_WARN_BOOL_CONVERSION = YES;
				CLANG_WARN_COMMA = YES;
				CLANG_WARN_CONSTANT_CONVERSION = YES;
				CLANG_WARN_DEPRECATED_OBJC_IMPLEMENTATIONS = YES;
				CLANG_WARN_DIRECT_OBJC_ISA_USAGE = YES_ERROR;
				CLANG_WARN_DOCUMENTATION_COMMENTS = YES;
				CLANG_WARN_EMPTY_BODY = YES;
				CLANG_WARN_ENUM_CONVERSION = YES;
				CLANG_WARN_INFINITE_RECURSION = YES;
				CLANG_WARN_INT_CONVERSION = YES;
				CLANG_WARN_NON_LITERAL_NULL_CONVERSION = YES;
				CLANG_WARN_OBJC_IMPLICIT_RETAIN_SELF = YES;
				CLANG_WARN_OBJC_LITERAL_CONVERSION = YES;
				CLANG_WARN_OBJC_ROOT_CLASS = YES_ERROR;
				CLANG_WARN_RANGE_LOOP_ANALYSIS = YES;
				CLANG_WARN_STRICT_PROTOTYPES = YES;
				CLANG_WARN_SUSPICIOUS_MOVE = YES;
				CLANG_WARN_UNGUARDED_AVAILABILITY = YES_AGGRESSIVE;
				CLANG_WARN_UNREACHABLE_CODE = YES;
				CLANG_WARN__DUPLICATE_METHOD_MATCH = YES;
				COPY_PHASE_STRIP = NO;
				DEBUG_INFORMATION_FORMAT = dwarf;
				ENABLE_STRICT_OBJC_MSGSEND = YES;
				ENABLE_TESTABILITY = YES;
				GCC_C_LANGUAGE_STANDARD = gnu11;
				GCC_DYNAMIC_NO_PIC = NO;
				GCC_NO_COMMON_BLOCKS = YES;
				GCC_OPTIMIZATION_LEVEL = 0;
				GCC_PREPROCESSOR_DEFINITIONS = (
					"DEBUG=1",
					"$(inherited)",
				);
				GCC_WARN_64_TO_32_BIT_CONVERSION = YES;
				GCC_WARN_ABOUT_RETURN_TYPE = YES_ERROR;
				GCC_WARN_UNDECLARED_SELECTOR = YES;
				GCC_WARN_UNINITIALIZED_AUTOS = YES_AGGRESSIVE;
				GCC_WARN_UNUSED_FUNCTION = YES;
				GCC_WARN_UNUSED_VARIABLE = YES;
				IPHONEOS_DEPLOYMENT_TARGET = 13.2;
				MTL_ENABLE_DEBUG_INFO = INCLUDE_SOURCE;
				MTL_FAST_MATH = YES;
				ONLY_ACTIVE_ARCH = YES;
				SDKROOT = iphoneos;
				SWIFT_ACTIVE_COMPILATION_CONDITIONS = DEBUG;
				SWIFT_OPTIMIZATION_LEVEL = "-Onone";
			};
			name = Debug;
		};
		2080527A241C73D500FE01B7 /* Release */ = {
			isa = XCBuildConfiguration;
			buildSettings = {
				ALWAYS_SEARCH_USER_PATHS = NO;
				CLANG_ANALYZER_NONNULL = YES;
				CLANG_ANALYZER_NUMBER_OBJECT_CONVERSION = YES_AGGRESSIVE;
				CLANG_CXX_LANGUAGE_STANDARD = "gnu++14";
				CLANG_CXX_LIBRARY = "libc++";
				CLANG_ENABLE_MODULES = YES;
				CLANG_ENABLE_OBJC_ARC = YES;
				CLANG_ENABLE_OBJC_WEAK = YES;
				CLANG_WARN_BLOCK_CAPTURE_AUTORELEASING = YES;
				CLANG_WARN_BOOL_CONVERSION = YES;
				CLANG_WARN_COMMA = YES;
				CLANG_WARN_CONSTANT_CONVERSION = YES;
				CLANG_WARN_DEPRECATED_OBJC_IMPLEMENTATIONS = YES;
				CLANG_WARN_DIRECT_OBJC_ISA_USAGE = YES_ERROR;
				CLANG_WARN_DOCUMENTATION_COMMENTS = YES;
				CLANG_WARN_EMPTY_BODY = YES;
				CLANG_WARN_ENUM_CONVERSION = YES;
				CLANG_WARN_INFINITE_RECURSION = YES;
				CLANG_WARN_INT_CONVERSION = YES;
				CLANG_WARN_NON_LITERAL_NULL_CONVERSION = YES;
				CLANG_WARN_OBJC_IMPLICIT_RETAIN_SELF = YES;
				CLANG_WARN_OBJC_LITERAL_CONVERSION = YES;
				CLANG_WARN_OBJC_ROOT_CLASS = YES_ERROR;
				CLANG_WARN_RANGE_LOOP_ANALYSIS = YES;
				CLANG_WARN_STRICT_PROTOTYPES = YES;
				CLANG_WARN_SUSPICIOUS_MOVE = YES;
				CLANG_WARN_UNGUARDED_AVAILABILITY = YES_AGGRESSIVE;
				CLANG_WARN_UNREACHABLE_CODE = YES;
				CLANG_WARN__DUPLICATE_METHOD_MATCH = YES;
				COPY_PHASE_STRIP = NO;
				DEBUG_INFORMATION_FORMAT = "dwarf-with-dsym";
				ENABLE_NS_ASSERTIONS = NO;
				ENABLE_STRICT_OBJC_MSGSEND = YES;
				GCC_C_LANGUAGE_STANDARD = gnu11;
				GCC_NO_COMMON_BLOCKS = YES;
				GCC_WARN_64_TO_32_BIT_CONVERSION = YES;
				GCC_WARN_ABOUT_RETURN_TYPE = YES_ERROR;
				GCC_WARN_UNDECLARED_SELECTOR = YES;
				GCC_WARN_UNINITIALIZED_AUTOS = YES_AGGRESSIVE;
				GCC_WARN_UNUSED_FUNCTION = YES;
				GCC_WARN_UNUSED_VARIABLE = YES;
				IPHONEOS_DEPLOYMENT_TARGET = 13.2;
				MTL_ENABLE_DEBUG_INFO = NO;
				MTL_FAST_MATH = YES;
				SDKROOT = iphoneos;
				SWIFT_COMPILATION_MODE = wholemodule;
				SWIFT_OPTIMIZATION_LEVEL = "-O";
				VALIDATE_PRODUCT = YES;
			};
			name = Release;
		};
		2080527C241C73D500FE01B7 /* Debug */ = {
			isa = XCBuildConfiguration;
			baseConfigurationReference = 24B3D3DC286CB8C781326E04 /* Pods-Parstagram.debug.xcconfig */;
			buildSettings = {
				ASSETCATALOG_COMPILER_APPICON_NAME = AppIcon;
				CODE_SIGN_STYLE = Automatic;
				INFOPLIST_FILE = Parstagram/Info.plist;
				LD_RUNPATH_SEARCH_PATHS = (
					"$(inherited)",
					"@executable_path/Frameworks",
				);
				PRODUCT_BUNDLE_IDENTIFIER = yiheng.Parstagram;
				PRODUCT_NAME = "$(TARGET_NAME)";
				SWIFT_VERSION = 5.0;
				TARGETED_DEVICE_FAMILY = "1,2";
			};
			name = Debug;
		};
		2080527D241C73D500FE01B7 /* Release */ = {
			isa = XCBuildConfiguration;
			baseConfigurationReference = 00179AF2351D1B80B5639C42 /* Pods-Parstagram.release.xcconfig */;
			buildSettings = {
				ASSETCATALOG_COMPILER_APPICON_NAME = AppIcon;
				CODE_SIGN_STYLE = Automatic;
				INFOPLIST_FILE = Parstagram/Info.plist;
				LD_RUNPATH_SEARCH_PATHS = (
					"$(inherited)",
					"@executable_path/Frameworks",
				);
				PRODUCT_BUNDLE_IDENTIFIER = yiheng.Parstagram;
				PRODUCT_NAME = "$(TARGET_NAME)";
				SWIFT_VERSION = 5.0;
				TARGETED_DEVICE_FAMILY = "1,2";
			};
			name = Release;
		};
		2080527F241C73D500FE01B7 /* Debug */ = {
			isa = XCBuildConfiguration;
			baseConfigurationReference = 35846A4DC461BDB1BE14C97B /* Pods-ParstagramTests.debug.xcconfig */;
			buildSettings = {
				ALWAYS_EMBED_SWIFT_STANDARD_LIBRARIES = YES;
				BUNDLE_LOADER = "$(TEST_HOST)";
				CODE_SIGN_STYLE = Automatic;
				INFOPLIST_FILE = ParstagramTests/Info.plist;
				IPHONEOS_DEPLOYMENT_TARGET = 13.2;
				LD_RUNPATH_SEARCH_PATHS = (
					"$(inherited)",
					"@executable_path/Frameworks",
					"@loader_path/Frameworks",
				);
				PRODUCT_BUNDLE_IDENTIFIER = yiheng.ParstagramTests;
				PRODUCT_NAME = "$(TARGET_NAME)";
				SWIFT_VERSION = 5.0;
				TARGETED_DEVICE_FAMILY = "1,2";
				TEST_HOST = "$(BUILT_PRODUCTS_DIR)/Parstagram.app/Parstagram";
			};
			name = Debug;
		};
		20805280241C73D500FE01B7 /* Release */ = {
			isa = XCBuildConfiguration;
			baseConfigurationReference = 8DD62DBF58AF264D95F8073B /* Pods-ParstagramTests.release.xcconfig */;
			buildSettings = {
				ALWAYS_EMBED_SWIFT_STANDARD_LIBRARIES = YES;
				BUNDLE_LOADER = "$(TEST_HOST)";
				CODE_SIGN_STYLE = Automatic;
				INFOPLIST_FILE = ParstagramTests/Info.plist;
				IPHONEOS_DEPLOYMENT_TARGET = 13.2;
				LD_RUNPATH_SEARCH_PATHS = (
					"$(inherited)",
					"@executable_path/Frameworks",
					"@loader_path/Frameworks",
				);
				PRODUCT_BUNDLE_IDENTIFIER = yiheng.ParstagramTests;
				PRODUCT_NAME = "$(TARGET_NAME)";
				SWIFT_VERSION = 5.0;
				TARGETED_DEVICE_FAMILY = "1,2";
				TEST_HOST = "$(BUILT_PRODUCTS_DIR)/Parstagram.app/Parstagram";
			};
			name = Release;
		};
		20805282241C73D500FE01B7 /* Debug */ = {
			isa = XCBuildConfiguration;
			baseConfigurationReference = 0D14A24C6CB1B014BB187BAE /* Pods-Parstagram-ParstagramUITests.debug.xcconfig */;
			buildSettings = {
				ALWAYS_EMBED_SWIFT_STANDARD_LIBRARIES = YES;
				CODE_SIGN_STYLE = Automatic;
				INFOPLIST_FILE = ParstagramUITests/Info.plist;
				LD_RUNPATH_SEARCH_PATHS = (
					"$(inherited)",
					"@executable_path/Frameworks",
					"@loader_path/Frameworks",
				);
				PRODUCT_BUNDLE_IDENTIFIER = yiheng.ParstagramUITests;
				PRODUCT_NAME = "$(TARGET_NAME)";
				SWIFT_VERSION = 5.0;
				TARGETED_DEVICE_FAMILY = "1,2";
				TEST_TARGET_NAME = Parstagram;
			};
			name = Debug;
		};
		20805283241C73D500FE01B7 /* Release */ = {
			isa = XCBuildConfiguration;
			baseConfigurationReference = 1A55562BF52DAFCD049A81C6 /* Pods-Parstagram-ParstagramUITests.release.xcconfig */;
			buildSettings = {
				ALWAYS_EMBED_SWIFT_STANDARD_LIBRARIES = YES;
				CODE_SIGN_STYLE = Automatic;
				INFOPLIST_FILE = ParstagramUITests/Info.plist;
				LD_RUNPATH_SEARCH_PATHS = (
					"$(inherited)",
					"@executable_path/Frameworks",
					"@loader_path/Frameworks",
				);
				PRODUCT_BUNDLE_IDENTIFIER = yiheng.ParstagramUITests;
				PRODUCT_NAME = "$(TARGET_NAME)";
				SWIFT_VERSION = 5.0;
				TARGETED_DEVICE_FAMILY = "1,2";
				TEST_TARGET_NAME = Parstagram;
			};
			name = Release;
		};
/* End XCBuildConfiguration section */

/* Begin XCConfigurationList section */
		2080524C241C73D300FE01B7 /* Build configuration list for PBXProject "Parstagram" */ = {
			isa = XCConfigurationList;
			buildConfigurations = (
				20805279241C73D500FE01B7 /* Debug */,
				2080527A241C73D500FE01B7 /* Release */,
			);
			defaultConfigurationIsVisible = 0;
			defaultConfigurationName = Release;
		};
		2080527B241C73D500FE01B7 /* Build configuration list for PBXNativeTarget "Parstagram" */ = {
			isa = XCConfigurationList;
			buildConfigurations = (
				2080527C241C73D500FE01B7 /* Debug */,
				2080527D241C73D500FE01B7 /* Release */,
			);
			defaultConfigurationIsVisible = 0;
			defaultConfigurationName = Release;
		};
		2080527E241C73D500FE01B7 /* Build configuration list for PBXNativeTarget "ParstagramTests" */ = {
			isa = XCConfigurationList;
			buildConfigurations = (
				2080527F241C73D500FE01B7 /* Debug */,
				20805280241C73D500FE01B7 /* Release */,
			);
			defaultConfigurationIsVisible = 0;
			defaultConfigurationName = Release;
		};
		20805281241C73D500FE01B7 /* Build configuration list for PBXNativeTarget "ParstagramUITests" */ = {
			isa = XCConfigurationList;
			buildConfigurations = (
				20805282241C73D500FE01B7 /* Debug */,
				20805283241C73D500FE01B7 /* Release */,
			);
			defaultConfigurationIsVisible = 0;
			defaultConfigurationName = Release;
		};
/* End XCConfigurationList section */
	};
	rootObject = 20805249241C73D300FE01B7 /* Project object */;
}
